{
  "name": "test-library-validation-form",
  "version": "1.0.0",
  "lockfileVersion": 2,
  "requires": true,
  "packages": {
    "": {
      "name": "test-library-validation-form",
      "version": "1.0.0",
      "license": "ISC",
      "dependencies": {
        "auto-alidation-form": "^1.0.0"
      }
    },
    "node_modules/auto-alidation-form": {
      "version": "1.0.2",
      "resolved": "https://registry.npmjs.org/auto-alidation-form/-/auto-alidation-form-1.0.2.tgz",
      "integrity": "sha512-jOZlMsTIQRTZeJYO9Hm5KbwAFAgJkADCyDjffy7D4S42FX1L9C0q9HTt/JNoVI/40NwxPmkKjG0Y7YJykCgSWw=="
    }
  },
  "dependencies": {
    "auto-alidation-form": {
      "version": "1.0.2",
      "resolved": "https://registry.npmjs.org/auto-alidation-form/-/auto-alidation-form-1.0.2.tgz",
      "integrity": "sha512-jOZlMsTIQRTZeJYO9Hm5KbwAFAgJkADCyDjffy7D4S42FX1L9C0q9HTt/JNoVI/40NwxPmkKjG0Y7YJykCgSWw=="
    }
  }
}
